
Microsoft Visual Studio Solution File, Format Version 12.00
Project("{FAE04EC0-301F-11D3-BF4B-00C04F79EFBC}") = "PB2Launcher", "PB2Launcher\PB2Launcher.csproj", "{7133FA1F-D590-4626-87C7-227C61577CD0}"
EndProject
Global
	GlobalSection(SolutionConfigurationPlatforms) = preSolution
		Debug|Any CPU = Debug|Any CPU
		Release|Any CPU = Release|Any CPU
	EndGlobalSection
	GlobalSection(ProjectConfigurationPlatforms) = postSolution
		{7133FA1F-D590-4626-87C7-227C61577CD0}.Debug|Any CPU.ActiveCfg = Debug|Any CPU
		{7133FA1F-D590-4626-87C7-227C61577CD0}.Debug|Any CPU.Build.0 = Debug|Any CPU
		{7133FA1F-D590-4626-87C7-227C61577CD0}.Release|Any CPU.ActiveCfg = Release|Any CPU
		{7133FA1F-D590-4626-87C7-227C61577CD0}.Release|Any CPU.Build.0 = Release|Any CPU
	EndGlobalSection
EndGlobal
